
Microsoft Visual Studio Solution File, Format Version 12.00
# Visual Studio Version 17
VisualStudioVersion = 17.9.34701.34
MinimumVisualStudioVersion = 10.0.40219.1
Project("{9A19103F-16F7-4668-BE54-9A1E7A4F7556}") = "Hotel", "Hotel\Hotel.csproj", "{B5E1494D-F883-413E-ADBD-E7D55DAC938B}"
EndProject
Project("{FAE04EC0-301F-11D3-BF4B-00C04F79EFBC}") = "HotelTests", "HotelTests\HotelTests.csproj", "{B6EEA79A-D5FB-4892-BE3F-FB11481B936A}"
EndProject
Global
	GlobalSection(SolutionConfigurationPlatforms) = preSolution
		Debug|Any CPU = Debug|Any CPU
		Debug|ARM = Debug|ARM
		Debug|ARM64 = Debug|ARM64
		Debug|x64 = Debug|x64
		Debug|x86 = Debug|x86
		Release|Any CPU = Release|Any CPU
		Release|ARM = Release|ARM
		Release|ARM64 = Release|ARM64
		Release|x64 = Release|x64
		Release|x86 = Release|x86
	EndGlobalSection
	GlobalSection(ProjectConfigurationPlatforms) = postSolution
		{B5E1494D-F883-413E-ADBD-E7D55DAC938B}.Debug|Any CPU.ActiveCfg = Debug|Any CPU
		{B5E1494D-F883-413E-ADBD-E7D55DAC938B}.Debug|Any CPU.Build.0 = Debug|Any CPU
		{B5E1494D-F883-413E-ADBD-E7D55DAC938B}.Debug|ARM.ActiveCfg = Debug|Any CPU
		{B5E1494D-F883-413E-ADBD-E7D55DAC938B}.Debug|ARM.Build.0 = Debug|Any CPU
		{B5E1494D-F883-413E-ADBD-E7D55DAC938B}.Debug|ARM64.ActiveCfg = Debug|Any CPU
		{B5E1494D-F883-413E-ADBD-E7D55DAC938B}.Debug|ARM64.Build.0 = Debug|Any CPU
		{B5E1494D-F883-413E-ADBD-E7D55DAC938B}.Debug|x64.ActiveCfg = Debug|Any CPU
		{B5E1494D-F883-413E-ADBD-E7D55DAC938B}.Debug|x64.Build.0 = Debug|Any CPU
		{B5E1494D-F883-413E-ADBD-E7D55DAC938B}.Debug|x86.ActiveCfg = Debug|Any CPU
		{B5E1494D-F883-413E-ADBD-E7D55DAC938B}.Debug|x86.Build.0 = Debug|Any CPU
		{B5E1494D-F883-413E-ADBD-E7D55DAC938B}.Release|Any CPU.ActiveCfg = Release|Any CPU
		{B5E1494D-F883-413E-ADBD-E7D55DAC938B}.Release|Any CPU.Build.0 = Release|Any CPU
		{B5E1494D-F883-413E-ADBD-E7D55DAC938B}.Release|ARM.ActiveCfg = Release|Any CPU
		{B5E1494D-F883-413E-ADBD-E7D55DAC938B}.Release|ARM.Build.0 = Release|Any CPU
		{B5E1494D-F883-413E-ADBD-E7D55DAC938B}.Release|ARM64.ActiveCfg = Release|Any CPU
		{B5E1494D-F883-413E-ADBD-E7D55DAC938B}.Release|ARM64.Build.0 = Release|Any CPU
		{B5E1494D-F883-413E-ADBD-E7D55DAC938B}.Release|x64.ActiveCfg = Release|Any CPU
		{B5E1494D-F883-413E-ADBD-E7D55DAC938B}.Release|x64.Build.0 = Release|Any CPU
		{B5E1494D-F883-413E-ADBD-E7D55DAC938B}.Release|x86.ActiveCfg = Release|Any CPU
		{B5E1494D-F883-413E-ADBD-E7D55DAC938B}.Release|x86.Build.0 = Release|Any CPU
		{B6EEA79A-D5FB-4892-BE3F-FB11481B936A}.Debug|Any CPU.ActiveCfg = Debug|Any CPU
		{B6EEA79A-D5FB-4892-BE3F-FB11481B936A}.Debug|Any CPU.Build.0 = Debug|Any CPU
		{B6EEA79A-D5FB-4892-BE3F-FB11481B936A}.Debug|ARM.ActiveCfg = Debug|Any CPU
		{B6EEA79A-D5FB-4892-BE3F-FB11481B936A}.Debug|ARM.Build.0 = Debug|Any CPU
		{B6EEA79A-D5FB-4892-BE3F-FB11481B936A}.Debug|ARM64.ActiveCfg = Debug|Any CPU
		{B6EEA79A-D5FB-4892-BE3F-FB11481B936A}.Debug|ARM64.Build.0 = Debug|Any CPU
		{B6EEA79A-D5FB-4892-BE3F-FB11481B936A}.Debug|x64.ActiveCfg = Debug|Any CPU
		{B6EEA79A-D5FB-4892-BE3F-FB11481B936A}.Debug|x64.Build.0 = Debug|Any CPU
		{B6EEA79A-D5FB-4892-BE3F-FB11481B936A}.Debug|x86.ActiveCfg = Debug|Any CPU
		{B6EEA79A-D5FB-4892-BE3F-FB11481B936A}.Debug|x86.Build.0 = Debug|Any CPU
		{B6EEA79A-D5FB-4892-BE3F-FB11481B936A}.Release|Any CPU.ActiveCfg = Release|Any CPU
		{B6EEA79A-D5FB-4892-BE3F-FB11481B936A}.Release|Any CPU.Build.0 = Release|Any CPU
		{B6EEA79A-D5FB-4892-BE3F-FB11481B936A}.Release|ARM.ActiveCfg = Release|Any CPU
		{B6EEA79A-D5FB-4892-BE3F-FB11481B936A}.Release|ARM.Build.0 = Release|Any CPU
		{B6EEA79A-D5FB-4892-BE3F-FB11481B936A}.Release|ARM64.ActiveCfg = Release|Any CPU
		{B6EEA79A-D5FB-4892-BE3F-FB11481B936A}.Release|ARM64.Build.0 = Release|Any CPU
		{B6EEA79A-D5FB-4892-BE3F-FB11481B936A}.Release|x64.ActiveCfg = Release|Any CPU
		{B6EEA79A-D5FB-4892-BE3F-FB11481B936A}.Release|x64.Build.0 = Release|Any CPU
		{B6EEA79A-D5FB-4892-BE3F-FB11481B936A}.Release|x86.ActiveCfg = Release|Any CPU
		{B6EEA79A-D5FB-4892-BE3F-FB11481B936A}.Release|x86.Build.0 = Release|Any CPU
	EndGlobalSection
	GlobalSection(SolutionProperties) = preSolution
		HideSolutionNode = FALSE
	EndGlobalSection
	GlobalSection(ExtensibilityGlobals) = postSolution
		SolutionGuid = {639019D7-BD84-49CA-86E7-982CE15A45C6}
	EndGlobalSection
EndGlobal
